
Microsoft Visual Studio Solution File, Format Version 12.00
# Visual Studio 15
VisualStudioVersion = 15.0.28010.2016
MinimumVisualStudioVersion = 10.0.40219.1
Project("{FAE04EC0-301F-11D3-BF4B-00C04F79EFBC}") = "DynamicStack", "DynamicStack\DynamicStack.csproj", "{892ACFB3-8B8B-4CD3-ADAD-85863F28806F}"
EndProject
Global
	GlobalSection(SolutionConfigurationPlatforms) = preSolution
		Debug|Any CPU = Debug|Any CPU
		Release|Any CPU = Release|Any CPU
	EndGlobalSection
	GlobalSection(ProjectConfigurationPlatforms) = postSolution
		{892ACFB3-8B8B-4CD3-ADAD-85863F28806F}.Debug|Any CPU.ActiveCfg = Debug|Any CPU
		{892ACFB3-8B8B-4CD3-ADAD-85863F28806F}.Debug|Any CPU.Build.0 = Debug|Any CPU
		{892ACFB3-8B8B-4CD3-ADAD-85863F28806F}.Release|Any CPU.ActiveCfg = Release|Any CPU
		{892ACFB3-8B8B-4CD3-ADAD-85863F28806F}.Release|Any CPU.Build.0 = Release|Any CPU
	EndGlobalSection
	GlobalSection(SolutionProperties) = preSolution
		HideSolutionNode = FALSE
	EndGlobalSection
	GlobalSection(ExtensibilityGlobals) = postSolution
		SolutionGuid = {906D962E-E819-418F-9194-3D34C4514E91}
	EndGlobalSection
EndGlobal
